
Microsoft Visual Studio Solution File, Format Version 12.00
# Visual Studio Version 17
VisualStudioVersion = 17.0.31919.166
MinimumVisualStudioVersion = 10.0.40219.1
Project("{9A19103F-16F7-4668-BE54-9A1E7A4F7556}") = "TestCode", "TestCode\TestCode.csproj", "{9769A2B5-B1AF-4568-AED8-723B8E0AB852}"
EndProject
Project("{FAE04EC0-301F-11D3-BF4B-00C04F79EFBC}") = "Speechh", "Speechh\Speechh.csproj", "{829A1D1B-734C-4649-B766-888748C9D82C}"
EndProject
Project("{FAE04EC0-301F-11D3-BF4B-00C04F79EFBC}") = "Translale", "Translale\Translale.csproj", "{DE9E5267-1430-40BE-8840-E0C5F7383E2A}"
EndProject
Project("{FAE04EC0-301F-11D3-BF4B-00C04F79EFBC}") = "Delegat", "Delegat\Delegat.csproj", "{3D2E423A-2B61-42D9-9CDA-019D09B6A579}"
EndProject
Project("{FAE04EC0-301F-11D3-BF4B-00C04F79EFBC}") = "Sheduler", "Sheduler\Sheduler.csproj", "{765501FF-5581-4B65-AF90-86036948519B}"
EndProject
Project("{FAE04EC0-301F-11D3-BF4B-00C04F79EFBC}") = "ZipExtract", "ZipExtract\ZipExtract.csproj", "{1A32C8CF-5586-4D53-80BA-414316887771}"
EndProject
Project("{FAE04EC0-301F-11D3-BF4B-00C04F79EFBC}") = "SendSMS", "SendSMS\SendSMS.csproj", "{E01295B7-DE75-4856-867A-63B40E95F0B5}"
EndProject
Project("{FAE04EC0-301F-11D3-BF4B-00C04F79EFBC}") = "P_AbstractFactory", "P_AbstractFactory\P_AbstractFactory.csproj", "{BB2492AC-75B7-47E0-9DA4-7336C29E4BD1}"
EndProject
Project("{FAE04EC0-301F-11D3-BF4B-00C04F79EFBC}") = "Linq", "Linq\Linq.csproj", "{91E76467-14D0-4510-906B-4A0E02B7559D}"
EndProject
Project("{FAE04EC0-301F-11D3-BF4B-00C04F79EFBC}") = "AudioVolumeService", "AudioVolumeService\AudioVolumeService.csproj", "{9EC7D983-B6F3-447C-9D32-F8C29EF1DEC8}"
EndProject
Project("{FAE04EC0-301F-11D3-BF4B-00C04F79EFBC}") = "P_Factory", "P_Factory\P_Factory.csproj", "{6FDB5143-407A-4AB8-969A-DCFB9836D58A}"
EndProject
Project("{FAE04EC0-301F-11D3-BF4B-00C04F79EFBC}") = "P_Prototype", "P_Prototype\P_Prototype.csproj", "{0C469B80-5B26-4D5A-B0D9-69299EF8B1C2}"
EndProject
Project("{FAE04EC0-301F-11D3-BF4B-00C04F79EFBC}") = "SerializeDeserialize", "SerializeDeserialize\SerializeDeserialize.csproj", "{0C8373FF-90A8-47AC-B9A6-8FFE03C236E9}"
EndProject
Project("{FAE04EC0-301F-11D3-BF4B-00C04F79EFBC}") = "P_Adapterr", "P_Adapterr\P_Adapterr.csproj", "{09D87A0F-5148-4401-A6CE-780331C2C91B}"
EndProject
Project("{FAE04EC0-301F-11D3-BF4B-00C04F79EFBC}") = "P_Bridge", "P_Bridge\P_Bridge.csproj", "{D0443D7C-E1C5-497A-AB0E-FB7DD84D4FB8}"
EndProject
Project("{FAE04EC0-301F-11D3-BF4B-00C04F79EFBC}") = "P_Composite", "P_Composite\P_Composite.csproj", "{A86ED78C-7582-4843-91D2-837AEB3D485B}"
EndProject
Project("{FAE04EC0-301F-11D3-BF4B-00C04F79EFBC}") = "P_Decorator", "P_Decorator\P_Decorator.csproj", "{F865EC67-8887-4473-8803-9AA5D1036AE3}"
EndProject
Project("{FAE04EC0-301F-11D3-BF4B-00C04F79EFBC}") = "AsuncTest", "AsuncTest\AsuncTest.csproj", "{B639CFD6-1266-4AEC-A384-CC22069F7BA1}"
EndProject
Project("{FAE04EC0-301F-11D3-BF4B-00C04F79EFBC}") = "P_Iterator", "P_Iterator\P_Iterator.csproj", "{93BE987E-6D3B-4EFD-87BB-B4531E4DCF12}"
EndProject
Project("{FAE04EC0-301F-11D3-BF4B-00C04F79EFBC}") = "Pp_Strategy", "Pp_Strategy\Pp_Strategy.csproj", "{B057A618-0459-4FA3-BA29-810C7943C3A8}"
EndProject
Project("{FAE04EC0-301F-11D3-BF4B-00C04F79EFBC}") = "P_Proxy", "P_Proxy\P_Proxy.csproj", "{1F8864DE-C213-49C5-A511-967ACC8934FC}"
EndProject
Project("{FAE04EC0-301F-11D3-BF4B-00C04F79EFBC}") = "P_Builder", "P_Builder\P_Builder.csproj", "{41315459-B359-4513-ADEB-6A30C7AE37C4}"
EndProject
Project("{FAE04EC0-301F-11D3-BF4B-00C04F79EFBC}") = "NullGuard", "NullGuard\NullGuard.csproj", "{653AD7BA-0664-4752-B613-F239268BFD07}"
EndProject
Project("{FAE04EC0-301F-11D3-BF4B-00C04F79EFBC}") = "P_Adapter_2", "P_Adapter_2\P_Adapter_2.csproj", "{EA405F63-9E4F-4155-989C-AA07D28025CD}"
EndProject
Project("{FAE04EC0-301F-11D3-BF4B-00C04F79EFBC}") = "P_Template_Method", "P_Template_Method\P_Template_Method.csproj", "{47B4C5E3-92F4-40D1-ADBC-ABC780FDA4F2}"
EndProject
Project("{FAE04EC0-301F-11D3-BF4B-00C04F79EFBC}") = "P_Decorator_2", "P_Decorator_2\P_Decorator_2.csproj", "{6337FB9E-8D62-47A6-B49E-BF05E1A654F2}"
EndProject
Project("{FAE04EC0-301F-11D3-BF4B-00C04F79EFBC}") = "P_Bridge_2", "P_Bridge_2\P_Bridge_2.csproj", "{32516A3B-1D47-4437-8B1C-145C7E238182}"
EndProject
Project("{FAE04EC0-301F-11D3-BF4B-00C04F79EFBC}") = "P_Observer", "P_Observer\P_Observer.csproj", "{E010B821-3729-48FC-A2B1-F9AA2EA0AD37}"
EndProject
Project("{FAE04EC0-301F-11D3-BF4B-00C04F79EFBC}") = "P_Momento", "P_Momento\P_Momento.csproj", "{EB7EC1AF-0F12-4998-AC62-8E7AD35E6786}"
EndProject
Project("{FAE04EC0-301F-11D3-BF4B-00C04F79EFBC}") = "P_Composite_2", "P_Composite_2\P_Composite_2.csproj", "{060EB5E2-638B-40DC-9E4C-B7BFA7DA61B0}"
EndProject
Project("{FAE04EC0-301F-11D3-BF4B-00C04F79EFBC}") = "P_State", "P_State\P_State.csproj", "{83075B60-C101-4268-B016-D6A857CD53CB}"
EndProject
Project("{FAE04EC0-301F-11D3-BF4B-00C04F79EFBC}") = "Generics", "Generics\Generics.csproj", "{B9AAE91B-CADC-4EBC-81F1-BDF3611AEF79}"
EndProject
Project("{FAE04EC0-301F-11D3-BF4B-00C04F79EFBC}") = "P_Mediator", "P_Mediator\P_Mediator.csproj", "{FBE22539-3159-4439-9CAD-1DB846F91F1D}"
EndProject
Project("{FAE04EC0-301F-11D3-BF4B-00C04F79EFBC}") = "P_Facade", "P_Facade\P_Facade.csproj", "{20DB21CB-47A4-471A-8257-A062FEAD6908}"
EndProject
Project("{FAE04EC0-301F-11D3-BF4B-00C04F79EFBC}") = "Multithreading", "Multithreading\Multithreading.csproj", "{6145BD7E-4745-4F50-A6CD-60D1AAFEF486}"
EndProject
Project("{FAE04EC0-301F-11D3-BF4B-00C04F79EFBC}") = "Task", "Task\Task.csproj", "{3601C3DA-D86E-429B-9C3F-DF6E38B4DA0D}"
EndProject
Project("{FAE04EC0-301F-11D3-BF4B-00C04F79EFBC}") = "Collections", "Collections\Collections.csproj", "{9F56F929-F3C1-4C85-9723-EEEA35FC4B68}"
EndProject
Project("{FAE04EC0-301F-11D3-BF4B-00C04F79EFBC}") = "RefactoringFauler", "RefactoringFauler\RefactoringFauler.csproj", "{87FA14E4-9A40-4944-872D-6F7F9E70FF22}"
EndProject
Project("{FAE04EC0-301F-11D3-BF4B-00C04F79EFBC}") = "TestingMethods", "TestingMethods\TestingMethods.csproj", "{C278FD5E-B1AA-42E5-9C4C-9BFBAF0C4980}"
EndProject
Project("{2150E333-8FDC-42A3-9474-1A3956D46DE8}") = "Tests", "Tests", "{8D5CF751-0F48-40AF-90E9-A922ACB87D96}"
EndProject
Project("{FAE04EC0-301F-11D3-BF4B-00C04F79EFBC}") = "TestsMsTest", "TestsMsTest\TestsMsTest.csproj", "{658CD081-483B-4129-9DEC-715396C5457A}"
EndProject
Project("{FAE04EC0-301F-11D3-BF4B-00C04F79EFBC}") = "TestTemplates", "TestTemplates\TestTemplates.csproj", "{B3630DC1-3D27-41F4-B7C9-0C5F13DC2FAE}"
EndProject
Global
	GlobalSection(SolutionConfigurationPlatforms) = preSolution
		Debug|Any CPU = Debug|Any CPU
		Release|Any CPU = Release|Any CPU
	EndGlobalSection
	GlobalSection(ProjectConfigurationPlatforms) = postSolution
		{9769A2B5-B1AF-4568-AED8-723B8E0AB852}.Debug|Any CPU.ActiveCfg = Debug|Any CPU
		{9769A2B5-B1AF-4568-AED8-723B8E0AB852}.Debug|Any CPU.Build.0 = Debug|Any CPU
		{9769A2B5-B1AF-4568-AED8-723B8E0AB852}.Release|Any CPU.ActiveCfg = Release|Any CPU
		{9769A2B5-B1AF-4568-AED8-723B8E0AB852}.Release|Any CPU.Build.0 = Release|Any CPU
		{829A1D1B-734C-4649-B766-888748C9D82C}.Debug|Any CPU.ActiveCfg = Debug|Any CPU
		{829A1D1B-734C-4649-B766-888748C9D82C}.Debug|Any CPU.Build.0 = Debug|Any CPU
		{829A1D1B-734C-4649-B766-888748C9D82C}.Release|Any CPU.ActiveCfg = Release|Any CPU
		{829A1D1B-734C-4649-B766-888748C9D82C}.Release|Any CPU.Build.0 = Release|Any CPU
		{DE9E5267-1430-40BE-8840-E0C5F7383E2A}.Debug|Any CPU.ActiveCfg = Debug|Any CPU
		{DE9E5267-1430-40BE-8840-E0C5F7383E2A}.Debug|Any CPU.Build.0 = Debug|Any CPU
		{DE9E5267-1430-40BE-8840-E0C5F7383E2A}.Release|Any CPU.ActiveCfg = Release|Any CPU
		{DE9E5267-1430-40BE-8840-E0C5F7383E2A}.Release|Any CPU.Build.0 = Release|Any CPU
		{3D2E423A-2B61-42D9-9CDA-019D09B6A579}.Debug|Any CPU.ActiveCfg = Debug|Any CPU
		{3D2E423A-2B61-42D9-9CDA-019D09B6A579}.Debug|Any CPU.Build.0 = Debug|Any CPU
		{3D2E423A-2B61-42D9-9CDA-019D09B6A579}.Release|Any CPU.ActiveCfg = Release|Any CPU
		{3D2E423A-2B61-42D9-9CDA-019D09B6A579}.Release|Any CPU.Build.0 = Release|Any CPU
		{765501FF-5581-4B65-AF90-86036948519B}.Debug|Any CPU.ActiveCfg = Debug|Any CPU
		{765501FF-5581-4B65-AF90-86036948519B}.Debug|Any CPU.Build.0 = Debug|Any CPU
		{765501FF-5581-4B65-AF90-86036948519B}.Release|Any CPU.ActiveCfg = Release|Any CPU
		{765501FF-5581-4B65-AF90-86036948519B}.Release|Any CPU.Build.0 = Release|Any CPU
		{1A32C8CF-5586-4D53-80BA-414316887771}.Debug|Any CPU.ActiveCfg = Debug|Any CPU
		{1A32C8CF-5586-4D53-80BA-414316887771}.Debug|Any CPU.Build.0 = Debug|Any CPU
		{1A32C8CF-5586-4D53-80BA-414316887771}.Release|Any CPU.ActiveCfg = Release|Any CPU
		{1A32C8CF-5586-4D53-80BA-414316887771}.Release|Any CPU.Build.0 = Release|Any CPU
		{E01295B7-DE75-4856-867A-63B40E95F0B5}.Debug|Any CPU.ActiveCfg = Debug|Any CPU
		{E01295B7-DE75-4856-867A-63B40E95F0B5}.Debug|Any CPU.Build.0 = Debug|Any CPU
		{E01295B7-DE75-4856-867A-63B40E95F0B5}.Release|Any CPU.ActiveCfg = Release|Any CPU
		{E01295B7-DE75-4856-867A-63B40E95F0B5}.Release|Any CPU.Build.0 = Release|Any CPU
		{BB2492AC-75B7-47E0-9DA4-7336C29E4BD1}.Debug|Any CPU.ActiveCfg = Debug|Any CPU
		{BB2492AC-75B7-47E0-9DA4-7336C29E4BD1}.Debug|Any CPU.Build.0 = Debug|Any CPU
		{BB2492AC-75B7-47E0-9DA4-7336C29E4BD1}.Release|Any CPU.ActiveCfg = Release|Any CPU
		{BB2492AC-75B7-47E0-9DA4-7336C29E4BD1}.Release|Any CPU.Build.0 = Release|Any CPU
		{91E76467-14D0-4510-906B-4A0E02B7559D}.Debug|Any CPU.ActiveCfg = Debug|Any CPU
		{91E76467-14D0-4510-906B-4A0E02B7559D}.Debug|Any CPU.Build.0 = Debug|Any CPU
		{91E76467-14D0-4510-906B-4A0E02B7559D}.Release|Any CPU.ActiveCfg = Release|Any CPU
		{91E76467-14D0-4510-906B-4A0E02B7559D}.Release|Any CPU.Build.0 = Release|Any CPU
		{9EC7D983-B6F3-447C-9D32-F8C29EF1DEC8}.Debug|Any CPU.ActiveCfg = Debug|Any CPU
		{9EC7D983-B6F3-447C-9D32-F8C29EF1DEC8}.Debug|Any CPU.Build.0 = Debug|Any CPU
		{9EC7D983-B6F3-447C-9D32-F8C29EF1DEC8}.Release|Any CPU.ActiveCfg = Release|Any CPU
		{9EC7D983-B6F3-447C-9D32-F8C29EF1DEC8}.Release|Any CPU.Build.0 = Release|Any CPU
		{6FDB5143-407A-4AB8-969A-DCFB9836D58A}.Debug|Any CPU.ActiveCfg = Debug|Any CPU
		{6FDB5143-407A-4AB8-969A-DCFB9836D58A}.Debug|Any CPU.Build.0 = Debug|Any CPU
		{6FDB5143-407A-4AB8-969A-DCFB9836D58A}.Release|Any CPU.ActiveCfg = Release|Any CPU
		{6FDB5143-407A-4AB8-969A-DCFB9836D58A}.Release|Any CPU.Build.0 = Release|Any CPU
		{0C469B80-5B26-4D5A-B0D9-69299EF8B1C2}.Debug|Any CPU.ActiveCfg = Debug|Any CPU
		{0C469B80-5B26-4D5A-B0D9-69299EF8B1C2}.Debug|Any CPU.Build.0 = Debug|Any CPU
		{0C469B80-5B26-4D5A-B0D9-69299EF8B1C2}.Release|Any CPU.ActiveCfg = Release|Any CPU
		{0C469B80-5B26-4D5A-B0D9-69299EF8B1C2}.Release|Any CPU.Build.0 = Release|Any CPU
		{0C8373FF-90A8-47AC-B9A6-8FFE03C236E9}.Debug|Any CPU.ActiveCfg = Debug|Any CPU
		{0C8373FF-90A8-47AC-B9A6-8FFE03C236E9}.Debug|Any CPU.Build.0 = Debug|Any CPU
		{0C8373FF-90A8-47AC-B9A6-8FFE03C236E9}.Release|Any CPU.ActiveCfg = Release|Any CPU
		{0C8373FF-90A8-47AC-B9A6-8FFE03C236E9}.Release|Any CPU.Build.0 = Release|Any CPU
		{09D87A0F-5148-4401-A6CE-780331C2C91B}.Debug|Any CPU.ActiveCfg = Debug|Any CPU
		{09D87A0F-5148-4401-A6CE-780331C2C91B}.Debug|Any CPU.Build.0 = Debug|Any CPU
		{09D87A0F-5148-4401-A6CE-780331C2C91B}.Release|Any CPU.ActiveCfg = Release|Any CPU
		{09D87A0F-5148-4401-A6CE-780331C2C91B}.Release|Any CPU.Build.0 = Release|Any CPU
		{D0443D7C-E1C5-497A-AB0E-FB7DD84D4FB8}.Debug|Any CPU.ActiveCfg = Debug|Any CPU
		{D0443D7C-E1C5-497A-AB0E-FB7DD84D4FB8}.Debug|Any CPU.Build.0 = Debug|Any CPU
		{D0443D7C-E1C5-497A-AB0E-FB7DD84D4FB8}.Release|Any CPU.ActiveCfg = Release|Any CPU
		{D0443D7C-E1C5-497A-AB0E-FB7DD84D4FB8}.Release|Any CPU.Build.0 = Release|Any CPU
		{A86ED78C-7582-4843-91D2-837AEB3D485B}.Debug|Any CPU.ActiveCfg = Debug|Any CPU
		{A86ED78C-7582-4843-91D2-837AEB3D485B}.Debug|Any CPU.Build.0 = Debug|Any CPU
		{A86ED78C-7582-4843-91D2-837AEB3D485B}.Release|Any CPU.ActiveCfg = Release|Any CPU
		{A86ED78C-7582-4843-91D2-837AEB3D485B}.Release|Any CPU.Build.0 = Release|Any CPU
		{F865EC67-8887-4473-8803-9AA5D1036AE3}.Debug|Any CPU.ActiveCfg = Debug|Any CPU
		{F865EC67-8887-4473-8803-9AA5D1036AE3}.Debug|Any CPU.Build.0 = Debug|Any CPU
		{F865EC67-8887-4473-8803-9AA5D1036AE3}.Release|Any CPU.ActiveCfg = Release|Any CPU
		{F865EC67-8887-4473-8803-9AA5D1036AE3}.Release|Any CPU.Build.0 = Release|Any CPU
		{B639CFD6-1266-4AEC-A384-CC22069F7BA1}.Debug|Any CPU.ActiveCfg = Debug|Any CPU
		{B639CFD6-1266-4AEC-A384-CC22069F7BA1}.Debug|Any CPU.Build.0 = Debug|Any CPU
		{B639CFD6-1266-4AEC-A384-CC22069F7BA1}.Release|Any CPU.ActiveCfg = Release|Any CPU
		{B639CFD6-1266-4AEC-A384-CC22069F7BA1}.Release|Any CPU.Build.0 = Release|Any CPU
		{93BE987E-6D3B-4EFD-87BB-B4531E4DCF12}.Debug|Any CPU.ActiveCfg = Debug|Any CPU
		{93BE987E-6D3B-4EFD-87BB-B4531E4DCF12}.Debug|Any CPU.Build.0 = Debug|Any CPU
		{93BE987E-6D3B-4EFD-87BB-B4531E4DCF12}.Release|Any CPU.ActiveCfg = Release|Any CPU
		{93BE987E-6D3B-4EFD-87BB-B4531E4DCF12}.Release|Any CPU.Build.0 = Release|Any CPU
		{B057A618-0459-4FA3-BA29-810C7943C3A8}.Debug|Any CPU.ActiveCfg = Debug|Any CPU
		{B057A618-0459-4FA3-BA29-810C7943C3A8}.Debug|Any CPU.Build.0 = Debug|Any CPU
		{B057A618-0459-4FA3-BA29-810C7943C3A8}.Release|Any CPU.ActiveCfg = Release|Any CPU
		{B057A618-0459-4FA3-BA29-810C7943C3A8}.Release|Any CPU.Build.0 = Release|Any CPU
		{1F8864DE-C213-49C5-A511-967ACC8934FC}.Debug|Any CPU.ActiveCfg = Debug|Any CPU
		{1F8864DE-C213-49C5-A511-967ACC8934FC}.Debug|Any CPU.Build.0 = Debug|Any CPU
		{1F8864DE-C213-49C5-A511-967ACC8934FC}.Release|Any CPU.ActiveCfg = Release|Any CPU
		{1F8864DE-C213-49C5-A511-967ACC8934FC}.Release|Any CPU.Build.0 = Release|Any CPU
		{41315459-B359-4513-ADEB-6A30C7AE37C4}.Debug|Any CPU.ActiveCfg = Debug|Any CPU
		{41315459-B359-4513-ADEB-6A30C7AE37C4}.Debug|Any CPU.Build.0 = Debug|Any CPU
		{41315459-B359-4513-ADEB-6A30C7AE37C4}.Release|Any CPU.ActiveCfg = Release|Any CPU
		{41315459-B359-4513-ADEB-6A30C7AE37C4}.Release|Any CPU.Build.0 = Release|Any CPU
		{653AD7BA-0664-4752-B613-F239268BFD07}.Debug|Any CPU.ActiveCfg = Debug|Any CPU
		{653AD7BA-0664-4752-B613-F239268BFD07}.Debug|Any CPU.Build.0 = Debug|Any CPU
		{653AD7BA-0664-4752-B613-F239268BFD07}.Release|Any CPU.ActiveCfg = Release|Any CPU
		{653AD7BA-0664-4752-B613-F239268BFD07}.Release|Any CPU.Build.0 = Release|Any CPU
		{EA405F63-9E4F-4155-989C-AA07D28025CD}.Debug|Any CPU.ActiveCfg = Debug|Any CPU
		{EA405F63-9E4F-4155-989C-AA07D28025CD}.Debug|Any CPU.Build.0 = Debug|Any CPU
		{EA405F63-9E4F-4155-989C-AA07D28025CD}.Release|Any CPU.ActiveCfg = Release|Any CPU
		{EA405F63-9E4F-4155-989C-AA07D28025CD}.Release|Any CPU.Build.0 = Release|Any CPU
		{47B4C5E3-92F4-40D1-ADBC-ABC780FDA4F2}.Debug|Any CPU.ActiveCfg = Debug|Any CPU
		{47B4C5E3-92F4-40D1-ADBC-ABC780FDA4F2}.Debug|Any CPU.Build.0 = Debug|Any CPU
		{47B4C5E3-92F4-40D1-ADBC-ABC780FDA4F2}.Release|Any CPU.ActiveCfg = Release|Any CPU
		{47B4C5E3-92F4-40D1-ADBC-ABC780FDA4F2}.Release|Any CPU.Build.0 = Release|Any CPU
		{6337FB9E-8D62-47A6-B49E-BF05E1A654F2}.Debug|Any CPU.ActiveCfg = Debug|Any CPU
		{6337FB9E-8D62-47A6-B49E-BF05E1A654F2}.Debug|Any CPU.Build.0 = Debug|Any CPU
		{6337FB9E-8D62-47A6-B49E-BF05E1A654F2}.Release|Any CPU.ActiveCfg = Release|Any CPU
		{6337FB9E-8D62-47A6-B49E-BF05E1A654F2}.Release|Any CPU.Build.0 = Release|Any CPU
		{32516A3B-1D47-4437-8B1C-145C7E238182}.Debug|Any CPU.ActiveCfg = Debug|Any CPU
		{32516A3B-1D47-4437-8B1C-145C7E238182}.Debug|Any CPU.Build.0 = Debug|Any CPU
		{32516A3B-1D47-4437-8B1C-145C7E238182}.Release|Any CPU.ActiveCfg = Release|Any CPU
		{32516A3B-1D47-4437-8B1C-145C7E238182}.Release|Any CPU.Build.0 = Release|Any CPU
		{E010B821-3729-48FC-A2B1-F9AA2EA0AD37}.Debug|Any CPU.ActiveCfg = Debug|Any CPU
		{E010B821-3729-48FC-A2B1-F9AA2EA0AD37}.Debug|Any CPU.Build.0 = Debug|Any CPU
		{E010B821-3729-48FC-A2B1-F9AA2EA0AD37}.Release|Any CPU.ActiveCfg = Release|Any CPU
		{E010B821-3729-48FC-A2B1-F9AA2EA0AD37}.Release|Any CPU.Build.0 = Release|Any CPU
		{EB7EC1AF-0F12-4998-AC62-8E7AD35E6786}.Debug|Any CPU.ActiveCfg = Debug|Any CPU
		{EB7EC1AF-0F12-4998-AC62-8E7AD35E6786}.Debug|Any CPU.Build.0 = Debug|Any CPU
		{EB7EC1AF-0F12-4998-AC62-8E7AD35E6786}.Release|Any CPU.ActiveCfg = Release|Any CPU
		{EB7EC1AF-0F12-4998-AC62-8E7AD35E6786}.Release|Any CPU.Build.0 = Release|Any CPU
		{060EB5E2-638B-40DC-9E4C-B7BFA7DA61B0}.Debug|Any CPU.ActiveCfg = Debug|Any CPU
		{060EB5E2-638B-40DC-9E4C-B7BFA7DA61B0}.Debug|Any CPU.Build.0 = Debug|Any CPU
		{060EB5E2-638B-40DC-9E4C-B7BFA7DA61B0}.Release|Any CPU.ActiveCfg = Release|Any CPU
		{060EB5E2-638B-40DC-9E4C-B7BFA7DA61B0}.Release|Any CPU.Build.0 = Release|Any CPU
		{83075B60-C101-4268-B016-D6A857CD53CB}.Debug|Any CPU.ActiveCfg = Debug|Any CPU
		{83075B60-C101-4268-B016-D6A857CD53CB}.Debug|Any CPU.Build.0 = Debug|Any CPU
		{83075B60-C101-4268-B016-D6A857CD53CB}.Release|Any CPU.ActiveCfg = Release|Any CPU
		{83075B60-C101-4268-B016-D6A857CD53CB}.Release|Any CPU.Build.0 = Release|Any CPU
		{B9AAE91B-CADC-4EBC-81F1-BDF3611AEF79}.Debug|Any CPU.ActiveCfg = Debug|Any CPU
		{B9AAE91B-CADC-4EBC-81F1-BDF3611AEF79}.Debug|Any CPU.Build.0 = Debug|Any CPU
		{B9AAE91B-CADC-4EBC-81F1-BDF3611AEF79}.Release|Any CPU.ActiveCfg = Release|Any CPU
		{B9AAE91B-CADC-4EBC-81F1-BDF3611AEF79}.Release|Any CPU.Build.0 = Release|Any CPU
		{FBE22539-3159-4439-9CAD-1DB846F91F1D}.Debug|Any CPU.ActiveCfg = Debug|Any CPU
		{FBE22539-3159-4439-9CAD-1DB846F91F1D}.Debug|Any CPU.Build.0 = Debug|Any CPU
		{FBE22539-3159-4439-9CAD-1DB846F91F1D}.Release|Any CPU.ActiveCfg = Release|Any CPU
		{FBE22539-3159-4439-9CAD-1DB846F91F1D}.Release|Any CPU.Build.0 = Release|Any CPU
		{20DB21CB-47A4-471A-8257-A062FEAD6908}.Debug|Any CPU.ActiveCfg = Debug|Any CPU
		{20DB21CB-47A4-471A-8257-A062FEAD6908}.Debug|Any CPU.Build.0 = Debug|Any CPU
		{20DB21CB-47A4-471A-8257-A062FEAD6908}.Release|Any CPU.ActiveCfg = Release|Any CPU
		{20DB21CB-47A4-471A-8257-A062FEAD6908}.Release|Any CPU.Build.0 = Release|Any CPU
		{6145BD7E-4745-4F50-A6CD-60D1AAFEF486}.Debug|Any CPU.ActiveCfg = Debug|Any CPU
		{6145BD7E-4745-4F50-A6CD-60D1AAFEF486}.Debug|Any CPU.Build.0 = Debug|Any CPU
		{6145BD7E-4745-4F50-A6CD-60D1AAFEF486}.Release|Any CPU.ActiveCfg = Release|Any CPU
		{6145BD7E-4745-4F50-A6CD-60D1AAFEF486}.Release|Any CPU.Build.0 = Release|Any CPU
		{3601C3DA-D86E-429B-9C3F-DF6E38B4DA0D}.Debug|Any CPU.ActiveCfg = Debug|Any CPU
		{3601C3DA-D86E-429B-9C3F-DF6E38B4DA0D}.Debug|Any CPU.Build.0 = Debug|Any CPU
		{3601C3DA-D86E-429B-9C3F-DF6E38B4DA0D}.Release|Any CPU.ActiveCfg = Release|Any CPU
		{3601C3DA-D86E-429B-9C3F-DF6E38B4DA0D}.Release|Any CPU.Build.0 = Release|Any CPU
		{9F56F929-F3C1-4C85-9723-EEEA35FC4B68}.Debug|Any CPU.ActiveCfg = Debug|Any CPU
		{9F56F929-F3C1-4C85-9723-EEEA35FC4B68}.Debug|Any CPU.Build.0 = Debug|Any CPU
		{9F56F929-F3C1-4C85-9723-EEEA35FC4B68}.Release|Any CPU.ActiveCfg = Release|Any CPU
		{9F56F929-F3C1-4C85-9723-EEEA35FC4B68}.Release|Any CPU.Build.0 = Release|Any CPU
		{87FA14E4-9A40-4944-872D-6F7F9E70FF22}.Debug|Any CPU.ActiveCfg = Debug|Any CPU
		{87FA14E4-9A40-4944-872D-6F7F9E70FF22}.Debug|Any CPU.Build.0 = Debug|Any CPU
		{87FA14E4-9A40-4944-872D-6F7F9E70FF22}.Release|Any CPU.ActiveCfg = Release|Any CPU
		{87FA14E4-9A40-4944-872D-6F7F9E70FF22}.Release|Any CPU.Build.0 = Release|Any CPU
		{C278FD5E-B1AA-42E5-9C4C-9BFBAF0C4980}.Debug|Any CPU.ActiveCfg = Debug|Any CPU
		{C278FD5E-B1AA-42E5-9C4C-9BFBAF0C4980}.Debug|Any CPU.Build.0 = Debug|Any CPU
		{C278FD5E-B1AA-42E5-9C4C-9BFBAF0C4980}.Release|Any CPU.ActiveCfg = Release|Any CPU
		{C278FD5E-B1AA-42E5-9C4C-9BFBAF0C4980}.Release|Any CPU.Build.0 = Release|Any CPU
		{658CD081-483B-4129-9DEC-715396C5457A}.Debug|Any CPU.ActiveCfg = Debug|Any CPU
		{658CD081-483B-4129-9DEC-715396C5457A}.Debug|Any CPU.Build.0 = Debug|Any CPU
		{658CD081-483B-4129-9DEC-715396C5457A}.Release|Any CPU.ActiveCfg = Release|Any CPU
		{658CD081-483B-4129-9DEC-715396C5457A}.Release|Any CPU.Build.0 = Release|Any CPU
		{B3630DC1-3D27-41F4-B7C9-0C5F13DC2FAE}.Debug|Any CPU.ActiveCfg = Debug|Any CPU
		{B3630DC1-3D27-41F4-B7C9-0C5F13DC2FAE}.Debug|Any CPU.Build.0 = Debug|Any CPU
		{B3630DC1-3D27-41F4-B7C9-0C5F13DC2FAE}.Release|Any CPU.ActiveCfg = Release|Any CPU
		{B3630DC1-3D27-41F4-B7C9-0C5F13DC2FAE}.Release|Any CPU.Build.0 = Release|Any CPU
	EndGlobalSection
	GlobalSection(SolutionProperties) = preSolution
		HideSolutionNode = FALSE
	EndGlobalSection
	GlobalSection(ExtensibilityGlobals) = postSolution
		SolutionGuid = {83A0A1DC-75E4-42CB-A04E-7167DC7DED24}
	EndGlobalSection
	GlobalSection(NestedProjects) = preSolution
		{658CD081-483B-4129-9DEC-715396C5457A} = {8D5CF751-0F48-40AF-90E9-A922ACB87D96}
		{B3630DC1-3D27-41F4-B7C9-0C5F13DC2FAE} = {8D5CF751-0F48-40AF-90E9-A922ACB87D96}
	EndGlobalSection
EndGlobal
